// !$*UTF8*$!
{
	archiveVersion = 1;
	classes = {
	};
	objectVersion = 56;
	objects = {

/* Begin PBXBuildFile section */
		EE0A30762C3ADF9A00F8F3E1 /* SearchResultView.swift in Sources */ = {isa = PBXBuildFile; fileRef = EE0A30752C3ADF9A00F8F3E1 /* SearchResultView.swift */; };
		EE0A30782C3AE8B700F8F3E1 /* RecipeModel.swift in Sources */ = {isa = PBXBuildFile; fileRef = EE0A30772C3AE8B700F8F3E1 /* RecipeModel.swift */; };
		EE0A307A2C3AF6C100F8F3E1 /* RecipeViewModel.swift in Sources */ = {isa = PBXBuildFile; fileRef = EE0A30792C3AF6C100F8F3E1 /* RecipeViewModel.swift */; };
		EE21A1872C426EAF003CCBD7 /* Localizable.strings in Resources */ = {isa = PBXBuildFile; fileRef = EE21A1852C426EAE003CCBD7 /* Localizable.strings */; };
		EE21A1892C4273FF003CCBD7 /* VegetableImageClassifier.mlmodel in Sources */ = {isa = PBXBuildFile; fileRef = EE21A1882C4273FF003CCBD7 /* VegetableImageClassifier.mlmodel */; };
		EE2384832C3BFC4A00014F95 /* SafariView.swift in Sources */ = {isa = PBXBuildFile; fileRef = EE2384822C3BFC4A00014F95 /* SafariView.swift */; };
		EE61E3622C38F093009DD3D5 /* LeftoverChefAppApp.swift in Sources */ = {isa = PBXBuildFile; fileRef = EE61E3612C38F093009DD3D5 /* LeftoverChefAppApp.swift */; };
		EE61E3642C38F093009DD3D5 /* ContentView.swift in Sources */ = {isa = PBXBuildFile; fileRef = EE61E3632C38F093009DD3D5 /* ContentView.swift */; };
		EE61E3662C38F094009DD3D5 /* Assets.xcassets in Resources */ = {isa = PBXBuildFile; fileRef = EE61E3652C38F094009DD3D5 /* Assets.xcassets */; };
		EE61E3692C38F094009DD3D5 /* Preview Assets.xcassets in Resources */ = {isa = PBXBuildFile; fileRef = EE61E3682C38F094009DD3D5 /* Preview Assets.xcassets */; };
		EE61E3732C38F283009DD3D5 /* ImagePickerView.swift in Sources */ = {isa = PBXBuildFile; fileRef = EE61E3722C38F283009DD3D5 /* ImagePickerView.swift */; };
		EE61E3772C391084009DD3D5 /* ImagePickerViewModel.swift in Sources */ = {isa = PBXBuildFile; fileRef = EE61E3762C391084009DD3D5 /* ImagePickerViewModel.swift */; };
		EE61E3792C39109C009DD3D5 /* ImageModel.swift in Sources */ = {isa = PBXBuildFile; fileRef = EE61E3782C39109C009DD3D5 /* ImageModel.swift */; };
		EE61E3802C392CF0009DD3D5 /* VegetableImageClassifierModel.swift in Sources */ = {isa = PBXBuildFile; fileRef = EE61E37F2C392CF0009DD3D5 /* VegetableImageClassifierModel.swift */; };
		EE61E3822C3A4FC7009DD3D5 /* ClassificationResultView.swift in Sources */ = {isa = PBXBuildFile; fileRef = EE61E3812C3A4FC7009DD3D5 /* ClassificationResultView.swift */; };
		EED6426C2C44DAAD004E4C17 /* FavoriteRecipeModel.swift in Sources */ = {isa = PBXBuildFile; fileRef = EED6426B2C44DAAD004E4C17 /* FavoriteRecipeModel.swift */; };
		EED6426E2C44DD9A004E4C17 /* FavoriteRecipeViewModel.swift in Sources */ = {isa = PBXBuildFile; fileRef = EED6426D2C44DD9A004E4C17 /* FavoriteRecipeViewModel.swift */; };
/* End PBXBuildFile section */

/* Begin PBXFileReference section */
		EE0A30752C3ADF9A00F8F3E1 /* SearchResultView.swift */ = {isa = PBXFileReference; lastKnownFileType = sourcecode.swift; path = SearchResultView.swift; sourceTree = "<group>"; };
		EE0A30772C3AE8B700F8F3E1 /* RecipeModel.swift */ = {isa = PBXFileReference; lastKnownFileType = sourcecode.swift; path = RecipeModel.swift; sourceTree = "<group>"; };
		EE0A30792C3AF6C100F8F3E1 /* RecipeViewModel.swift */ = {isa = PBXFileReference; lastKnownFileType = sourcecode.swift; path = RecipeViewModel.swift; sourceTree = "<group>"; };
		EE21A1862C426EAF003CCBD7 /* ja */ = {isa = PBXFileReference; lastKnownFileType = text.plist.strings; name = ja; path = ja.lproj/Localizable.strings; sourceTree = "<group>"; };
		EE21A1882C4273FF003CCBD7 /* VegetableImageClassifier.mlmodel */ = {isa = PBXFileReference; lastKnownFileType = file.mlmodel; path = VegetableImageClassifier.mlmodel; sourceTree = "<group>"; };
		EE2384822C3BFC4A00014F95 /* SafariView.swift */ = {isa = PBXFileReference; lastKnownFileType = sourcecode.swift; path = SafariView.swift; sourceTree = "<group>"; };
		EE61E35E2C38F093009DD3D5 /* LeftoverChefApp.app */ = {isa = PBXFileReference; explicitFileType = wrapper.application; includeInIndex = 0; path = LeftoverChefApp.app; sourceTree = BUILT_PRODUCTS_DIR; };
		EE61E3612C38F093009DD3D5 /* LeftoverChefAppApp.swift */ = {isa = PBXFileReference; lastKnownFileType = sourcecode.swift; path = LeftoverChefAppApp.swift; sourceTree = "<group>"; };
		EE61E3632C38F093009DD3D5 /* ContentView.swift */ = {isa = PBXFileReference; lastKnownFileType = sourcecode.swift; path = ContentView.swift; sourceTree = "<group>"; };
		EE61E3652C38F094009DD3D5 /* Assets.xcassets */ = {isa = PBXFileReference; lastKnownFileType = folder.assetcatalog; path = Assets.xcassets; sourceTree = "<group>"; };
		EE61E3682C38F094009DD3D5 /* Preview Assets.xcassets */ = {isa = PBXFileReference; lastKnownFileType = folder.assetcatalog; path = "Preview Assets.xcassets"; sourceTree = "<group>"; };
		EE61E3722C38F283009DD3D5 /* ImagePickerView.swift */ = {isa = PBXFileReference; lastKnownFileType = sourcecode.swift; path = ImagePickerView.swift; sourceTree = "<group>"; };
		EE61E3762C391084009DD3D5 /* ImagePickerViewModel.swift */ = {isa = PBXFileReference; lastKnownFileType = sourcecode.swift; path = ImagePickerViewModel.swift; sourceTree = "<group>"; };
		EE61E3782C39109C009DD3D5 /* ImageModel.swift */ = {isa = PBXFileReference; lastKnownFileType = sourcecode.swift; path = ImageModel.swift; sourceTree = "<group>"; };
		EE61E37F2C392CF0009DD3D5 /* VegetableImageClassifierModel.swift */ = {isa = PBXFileReference; lastKnownFileType = sourcecode.swift; path = VegetableImageClassifierModel.swift; sourceTree = "<group>"; };
		EE61E3812C3A4FC7009DD3D5 /* ClassificationResultView.swift */ = {isa = PBXFileReference; lastKnownFileType = sourcecode.swift; path = ClassificationResultView.swift; sourceTree = "<group>"; };
		EED6426B2C44DAAD004E4C17 /* FavoriteRecipeModel.swift */ = {isa = PBXFileReference; lastKnownFileType = sourcecode.swift; path = FavoriteRecipeModel.swift; sourceTree = "<group>"; };
		EED6426D2C44DD9A004E4C17 /* FavoriteRecipeViewModel.swift */ = {isa = PBXFileReference; lastKnownFileType = sourcecode.swift; path = FavoriteRecipeViewModel.swift; sourceTree = "<group>"; };
/* End PBXFileReference section */

/* Begin PBXFrameworksBuildPhase section */
		EE61E35B2C38F093009DD3D5 /* Frameworks */ = {
			isa = PBXFrameworksBuildPhase;
			buildActionMask = 2147483647;
			files = (
			);
			runOnlyForDeploymentPostprocessing = 0;
		};
/* End PBXFrameworksBuildPhase section */

/* Begin PBXGroup section */
		EE61E3552C38F093009DD3D5 = {
			isa = PBXGroup;
			children = (
				EE61E3602C38F093009DD3D5 /* LeftoverChefApp */,
				EE61E35F2C38F093009DD3D5 /* Products */,
			);
			sourceTree = "<group>";
		};
		EE61E35F2C38F093009DD3D5 /* Products */ = {
			isa = PBXGroup;
			children = (
				EE61E35E2C38F093009DD3D5 /* LeftoverChefApp.app */,
			);
			name = Products;
			sourceTree = "<group>";
		};
		EE61E3602C38F093009DD3D5 /* LeftoverChefApp */ = {
			isa = PBXGroup;
			children = (
				EE61E3612C38F093009DD3D5 /* LeftoverChefAppApp.swift */,
				EE61E3632C38F093009DD3D5 /* ContentView.swift */,
				EE61E36F2C38F129009DD3D5 /* Models */,
				EE61E3702C38F13A009DD3D5 /* Views */,
				EE61E3712C38F142009DD3D5 /* ViewModels */,
				EE61E37C2C3929F9009DD3D5 /* Resources */,
				EE61E3672C38F094009DD3D5 /* Preview Content */,
			);
			path = LeftoverChefApp;
			sourceTree = "<group>";
		};
		EE61E3672C38F094009DD3D5 /* Preview Content */ = {
			isa = PBXGroup;
			children = (
				EE61E3682C38F094009DD3D5 /* Preview Assets.xcassets */,
			);
			path = "Preview Content";
			sourceTree = "<group>";
		};
		EE61E36F2C38F129009DD3D5 /* Models */ = {
			isa = PBXGroup;
			children = (
				EE61E3782C39109C009DD3D5 /* ImageModel.swift */,
				EED6426B2C44DAAD004E4C17 /* FavoriteRecipeModel.swift */,
				EE61E37F2C392CF0009DD3D5 /* VegetableImageClassifierModel.swift */,
				EE0A30772C3AE8B700F8F3E1 /* RecipeModel.swift */,
			);
			path = Models;
			sourceTree = "<group>";
		};
		EE61E3702C38F13A009DD3D5 /* Views */ = {
			isa = PBXGroup;
			children = (
				EE61E3722C38F283009DD3D5 /* ImagePickerView.swift */,
				EE0A30752C3ADF9A00F8F3E1 /* SearchResultView.swift */,
				EE61E3812C3A4FC7009DD3D5 /* ClassificationResultView.swift */,
				EE2384822C3BFC4A00014F95 /* SafariView.swift */,
			);
			path = Views;
			sourceTree = "<group>";
		};
		EE61E3712C38F142009DD3D5 /* ViewModels */ = {
			isa = PBXGroup;
			children = (
				EE61E3762C391084009DD3D5 /* ImagePickerViewModel.swift */,
				EE0A30792C3AF6C100F8F3E1 /* RecipeViewModel.swift */,
				EED6426D2C44DD9A004E4C17 /* FavoriteRecipeViewModel.swift */,
			);
			path = ViewModels;
			sourceTree = "<group>";
		};
		EE61E37C2C3929F9009DD3D5 /* Resources */ = {
			isa = PBXGroup;
			children = (
				EE61E3652C38F094009DD3D5 /* Assets.xcassets */,
				EE21A1882C4273FF003CCBD7 /* VegetableImageClassifier.mlmodel */,
				EE21A1852C426EAE003CCBD7 /* Localizable.strings */,
			);
			path = Resources;
			sourceTree = "<group>";
		};
/* End PBXGroup section */

/* Begin PBXNativeTarget section */
		EE61E35D2C38F093009DD3D5 /* LeftoverChefApp */ = {
			isa = PBXNativeTarget;
			buildConfigurationList = EE61E36C2C38F094009DD3D5 /* Build configuration list for PBXNativeTarget "LeftoverChefApp" */;
			buildPhases = (
				EE61E35A2C38F093009DD3D5 /* Sources */,
				EE61E35B2C38F093009DD3D5 /* Frameworks */,
				EE61E35C2C38F093009DD3D5 /* Resources */,
			);
			buildRules = (
			);
			dependencies = (
			);
			name = LeftoverChefApp;
			productName = LeftoverChefApp;
			productReference = EE61E35E2C38F093009DD3D5 /* LeftoverChefApp.app */;
			productType = "com.apple.product-type.application";
		};
/* End PBXNativeTarget section */

/* Begin PBXProject section */
		EE61E3562C38F093009DD3D5 /* Project object */ = {
			isa = PBXProject;
			attributes = {
				BuildIndependentTargetsInParallel = 1;
				LastSwiftUpdateCheck = 1530;
				LastUpgradeCheck = 1530;
				TargetAttributes = {
					EE61E35D2C38F093009DD3D5 = {
						CreatedOnToolsVersion = 15.3;
					};
				};
			};
			buildConfigurationList = EE61E3592C38F093009DD3D5 /* Build configuration list for PBXProject "LeftoverChefApp" */;
			compatibilityVersion = "Xcode 14.0";
			developmentRegion = ja;
			hasScannedForEncodings = 0;
			knownRegions = (
				en,
				Base,
				ja,
			);
			mainGroup = EE61E3552C38F093009DD3D5;
			productRefGroup = EE61E35F2C38F093009DD3D5 /* Products */;
			projectDirPath = "";
			projectRoot = "";
			targets = (
				EE61E35D2C38F093009DD3D5 /* LeftoverChefApp */,
			);
		};
/* End PBXProject section */

/* Begin PBXResourcesBuildPhase section */
		EE61E35C2C38F093009DD3D5 /* Resources */ = {
			isa = PBXResourcesBuildPhase;
			buildActionMask = 2147483647;
			files = (
				EE61E3692C38F094009DD3D5 /* Preview Assets.xcassets in Resources */,
				EE21A1872C426EAF003CCBD7 /* Localizable.strings in Resources */,
				EE61E3662C38F094009DD3D5 /* Assets.xcassets in Resources */,
			);
			runOnlyForDeploymentPostprocessing = 0;
		};
/* End PBXResourcesBuildPhase section */

/* Begin PBXSourcesBuildPhase section */
		EE61E35A2C38F093009DD3D5 /* Sources */ = {
			isa = PBXSourcesBuildPhase;
			buildActionMask = 2147483647;
			files = (
				EE61E3642C38F093009DD3D5 /* ContentView.swift in Sources */,
				EE61E3792C39109C009DD3D5 /* ImageModel.swift in Sources */,
				EED6426C2C44DAAD004E4C17 /* FavoriteRecipeModel.swift in Sources */,
				EE21A1892C4273FF003CCBD7 /* VegetableImageClassifier.mlmodel in Sources */,
				EE61E3802C392CF0009DD3D5 /* VegetableImageClassifierModel.swift in Sources */,
				EE2384832C3BFC4A00014F95 /* SafariView.swift in Sources */,
				EE61E3732C38F283009DD3D5 /* ImagePickerView.swift in Sources */,
				EE61E3772C391084009DD3D5 /* ImagePickerViewModel.swift in Sources */,
				EE61E3622C38F093009DD3D5 /* LeftoverChefAppApp.swift in Sources */,
				EE0A307A2C3AF6C100F8F3E1 /* RecipeViewModel.swift in Sources */,
				EE0A30782C3AE8B700F8F3E1 /* RecipeModel.swift in Sources */,
				EE0A30762C3ADF9A00F8F3E1 /* SearchResultView.swift in Sources */,
				EED6426E2C44DD9A004E4C17 /* FavoriteRecipeViewModel.swift in Sources */,
				EE61E3822C3A4FC7009DD3D5 /* ClassificationResultView.swift in Sources */,
			);
			runOnlyForDeploymentPostprocessing = 0;
		};
/* End PBXSourcesBuildPhase section */

/* Begin PBXVariantGroup section */
		EE21A1852C426EAE003CCBD7 /* Localizable.strings */ = {
			isa = PBXVariantGroup;
			children = (
				EE21A1862C426EAF003CCBD7 /* ja */,
			);
			name = Localizable.strings;
			sourceTree = "<group>";
		};
/* End PBXVariantGroup section */

/* Begin XCBuildConfiguration section */
		EE61E36A2C38F094009DD3D5 /* Debug */ = {
			isa = XCBuildConfiguration;
			buildSettings = {
				ALWAYS_SEARCH_USER_PATHS = NO;
				ASSETCATALOG_COMPILER_GENERATE_SWIFT_ASSET_SYMBOL_EXTENSIONS = YES;
				CLANG_ANALYZER_NONNULL = YES;
				CLANG_ANALYZER_NUMBER_OBJECT_CONVERSION = YES_AGGRESSIVE;
				CLANG_CXX_LANGUAGE_STANDARD = "gnu++20";
				CLANG_ENABLE_MODULES = YES;
				CLANG_ENABLE_OBJC_ARC = YES;
				CLANG_ENABLE_OBJC_WEAK = YES;
				CLANG_WARN_BLOCK_CAPTURE_AUTORELEASING = YES;
				CLANG_WARN_BOOL_CONVERSION = YES;
				CLANG_WARN_COMMA = YES;
				CLANG_WARN_CONSTANT_CONVERSION = YES;
				CLANG_WARN_DEPRECATED_OBJC_IMPLEMENTATIONS = YES;
				CLANG_WARN_DIRECT_OBJC_ISA_USAGE = YES_ERROR;
				CLANG_WARN_DOCUMENTATION_COMMENTS = YES;
				CLANG_WARN_EMPTY_BODY = YES;
				CLANG_WARN_ENUM_CONVERSION = YES;
				CLANG_WARN_INFINITE_RECURSION = YES;
				CLANG_WARN_INT_CONVERSION = YES;
				CLANG_WARN_NON_LITERAL_NULL_CONVERSION = YES;
				CLANG_WARN_OBJC_IMPLICIT_RETAIN_SELF = YES;
				CLANG_WARN_OBJC_LITERAL_CONVERSION = YES;
				CLANG_WARN_OBJC_ROOT_CLASS = YES_ERROR;
				CLANG_WARN_QUOTED_INCLUDE_IN_FRAMEWORK_HEADER = YES;
				CLANG_WARN_RANGE_LOOP_ANALYSIS = YES;
				CLANG_WARN_STRICT_PROTOTYPES = YES;
				CLANG_WARN_SUSPICIOUS_MOVE = YES;
				CLANG_WARN_UNGUARDED_AVAILABILITY = YES_AGGRESSIVE;
				CLANG_WARN_UNREACHABLE_CODE = YES;
				CLANG_WARN__DUPLICATE_METHOD_MATCH = YES;
				COPY_PHASE_STRIP = NO;
				DEBUG_INFORMATION_FORMAT = dwarf;
				ENABLE_STRICT_OBJC_MSGSEND = YES;
				ENABLE_TESTABILITY = YES;
				ENABLE_USER_SCRIPT_SANDBOXING = YES;
				GCC_C_LANGUAGE_STANDARD = gnu17;
				GCC_DYNAMIC_NO_PIC = NO;
				GCC_NO_COMMON_BLOCKS = YES;
				GCC_OPTIMIZATION_LEVEL = 0;
				GCC_PREPROCESSOR_DEFINITIONS = (
					"DEBUG=1",
					"$(inherited)",
				);
				GCC_WARN_64_TO_32_BIT_CONVERSION = YES;
				GCC_WARN_ABOUT_RETURN_TYPE = YES_ERROR;
				GCC_WARN_UNDECLARED_SELECTOR = YES;
				GCC_WARN_UNINITIALIZED_AUTOS = YES_AGGRESSIVE;
				GCC_WARN_UNUSED_FUNCTION = YES;
				GCC_WARN_UNUSED_VARIABLE = YES;
				IPHONEOS_DEPLOYMENT_TARGET = 17.4;
				LOCALIZATION_PREFERS_STRING_CATALOGS = YES;
				MTL_ENABLE_DEBUG_INFO = INCLUDE_SOURCE;
				MTL_FAST_MATH = YES;
				ONLY_ACTIVE_ARCH = YES;
				SDKROOT = iphoneos;
				SWIFT_ACTIVE_COMPILATION_CONDITIONS = "DEBUG $(inherited)";
				SWIFT_OPTIMIZATION_LEVEL = "-Onone";
			};
			name = Debug;
		};
		EE61E36B2C38F094009DD3D5 /* Release */ = {
			isa = XCBuildConfiguration;
			buildSettings = {
				ALWAYS_SEARCH_USER_PATHS = NO;
				ASSETCATALOG_COMPILER_GENERATE_SWIFT_ASSET_SYMBOL_EXTENSIONS = YES;
				CLANG_ANALYZER_NONNULL = YES;
				CLANG_ANALYZER_NUMBER_OBJECT_CONVERSION = YES_AGGRESSIVE;
				CLANG_CXX_LANGUAGE_STANDARD = "gnu++20";
				CLANG_ENABLE_MODULES = YES;
				CLANG_ENABLE_OBJC_ARC = YES;
				CLANG_ENABLE_OBJC_WEAK = YES;
				CLANG_WARN_BLOCK_CAPTURE_AUTORELEASING = YES;
				CLANG_WARN_BOOL_CONVERSION = YES;
				CLANG_WARN_COMMA = YES;
				CLANG_WARN_CONSTANT_CONVERSION = YES;
				CLANG_WARN_DEPRECATED_OBJC_IMPLEMENTATIONS = YES;
				CLANG_WARN_DIRECT_OBJC_ISA_USAGE = YES_ERROR;
				CLANG_WARN_DOCUMENTATION_COMMENTS = YES;
				CLANG_WARN_EMPTY_BODY = YES;
				CLANG_WARN_ENUM_CONVERSION = YES;
				CLANG_WARN_INFINITE_RECURSION = YES;
				CLANG_WARN_INT_CONVERSION = YES;
				CLANG_WARN_NON_LITERAL_NULL_CONVERSION = YES;
				CLANG_WARN_OBJC_IMPLICIT_RETAIN_SELF = YES;
				CLANG_WARN_OBJC_LITERAL_CONVERSION = YES;
				CLANG_WARN_OBJC_ROOT_CLASS = YES_ERROR;
				CLANG_WARN_QUOTED_INCLUDE_IN_FRAMEWORK_HEADER = YES;
				CLANG_WARN_RANGE_LOOP_ANALYSIS = YES;
				CLANG_WARN_STRICT_PROTOTYPES = YES;
				CLANG_WARN_SUSPICIOUS_MOVE = YES;
				CLANG_WARN_UNGUARDED_AVAILABILITY = YES_AGGRESSIVE;
				CLANG_WARN_UNREACHABLE_CODE = YES;
				CLANG_WARN__DUPLICATE_METHOD_MATCH = YES;
				COPY_PHASE_STRIP = NO;
				DEBUG_INFORMATION_FORMAT = "dwarf-with-dsym";
				ENABLE_NS_ASSERTIONS = NO;
				ENABLE_STRICT_OBJC_MSGSEND = YES;
				ENABLE_USER_SCRIPT_SANDBOXING = YES;
				GCC_C_LANGUAGE_STANDARD = gnu17;
				GCC_NO_COMMON_BLOCKS = YES;
				GCC_WARN_64_TO_32_BIT_CONVERSION = YES;
				GCC_WARN_ABOUT_RETURN_TYPE = YES_ERROR;
				GCC_WARN_UNDECLARED_SELECTOR = YES;
				GCC_WARN_UNINITIALIZED_AUTOS = YES_AGGRESSIVE;
				GCC_WARN_UNUSED_FUNCTION = YES;
				GCC_WARN_UNUSED_VARIABLE = YES;
				IPHONEOS_DEPLOYMENT_TARGET = 17.4;
				LOCALIZATION_PREFERS_STRING_CATALOGS = YES;
				MTL_ENABLE_DEBUG_INFO = NO;
				MTL_FAST_MATH = YES;
				SDKROOT = iphoneos;
				SWIFT_COMPILATION_MODE = wholemodule;
				VALIDATE_PRODUCT = YES;
			};
			name = Release;
		};
		EE61E36D2C38F094009DD3D5 /* Debug */ = {
			isa = XCBuildConfiguration;
			buildSettings = {
				ASSETCATALOG_COMPILER_APPICON_NAME = AppIcon;
				ASSETCATALOG_COMPILER_GLOBAL_ACCENT_COLOR_NAME = AccentColor;
				CODE_SIGN_STYLE = Automatic;
				CURRENT_PROJECT_VERSION = 1;
				DEVELOPMENT_ASSET_PATHS = "\"LeftoverChefApp/Preview Content\"";
				DEVELOPMENT_TEAM = 9US465DXCK;
				ENABLE_PREVIEWS = YES;
				GENERATE_INFOPLIST_FILE = YES;
				INFOPLIST_KEY_NSCameraUsageDescription = "写真を撮影するためにカメラを利用します。";
				INFOPLIST_KEY_UIApplicationSceneManifest_Generation = YES;
				INFOPLIST_KEY_UIApplicationSupportsIndirectInputEvents = YES;
				INFOPLIST_KEY_UILaunchScreen_Generation = YES;
				INFOPLIST_KEY_UISupportedInterfaceOrientations_iPad = "UIInterfaceOrientationPortrait UIInterfaceOrientationPortraitUpsideDown UIInterfaceOrientationLandscapeLeft UIInterfaceOrientationLandscapeRight";
				INFOPLIST_KEY_UISupportedInterfaceOrientations_iPhone = "UIInterfaceOrientationPortrait UIInterfaceOrientationLandscapeLeft UIInterfaceOrientationLandscapeRight";
				LD_RUNPATH_SEARCH_PATHS = (
					"$(inherited)",
					"@executable_path/Frameworks",
				);
				MARKETING_VERSION = 1.0;
				PRODUCT_BUNDLE_IDENTIFIER = com.yakyu.LeftoverChefApp;
				PRODUCT_NAME = "$(TARGET_NAME)";
				SWIFT_EMIT_LOC_STRINGS = YES;
				SWIFT_VERSION = 5.0;
				TARGETED_DEVICE_FAMILY = "1,2";
			};
			name = Debug;
		};
		EE61E36E2C38F094009DD3D5 /* Release */ = {
			isa = XCBuildConfiguration;
			buildSettings = {
				ASSETCATALOG_COMPILER_APPICON_NAME = AppIcon;
				ASSETCATALOG_COMPILER_GLOBAL_ACCENT_COLOR_NAME = AccentColor;
				CODE_SIGN_STYLE = Automatic;
				CURRENT_PROJECT_VERSION = 1;
				DEVELOPMENT_ASSET_PATHS = "\"LeftoverChefApp/Preview Content\"";
				DEVELOPMENT_TEAM = 9US465DXCK;
				ENABLE_PREVIEWS = YES;
				GENERATE_INFOPLIST_FILE = YES;
				INFOPLIST_KEY_NSCameraUsageDescription = "写真を撮影するためにカメラを利用します。";
				INFOPLIST_KEY_UIApplicationSceneManifest_Generation = YES;
				INFOPLIST_KEY_UIApplicationSupportsIndirectInputEvents = YES;
				INFOPLIST_KEY_UILaunchScreen_Generation = YES;
				INFOPLIST_KEY_UISupportedInterfaceOrientations_iPad = "UIInterfaceOrientationPortrait UIInterfaceOrientationPortraitUpsideDown UIInterfaceOrientationLandscapeLeft UIInterfaceOrientationLandscapeRight";
				INFOPLIST_KEY_UISupportedInterfaceOrientations_iPhone = "UIInterfaceOrientationPortrait UIInterfaceOrientationLandscapeLeft UIInterfaceOrientationLandscapeRight";
				LD_RUNPATH_SEARCH_PATHS = (
					"$(inherited)",
					"@executable_path/Frameworks",
				);
				MARKETING_VERSION = 1.0;
				PRODUCT_BUNDLE_IDENTIFIER = com.yakyu.LeftoverChefApp;
				PRODUCT_NAME = "$(TARGET_NAME)";
				SWIFT_EMIT_LOC_STRINGS = YES;
				SWIFT_VERSION = 5.0;
				TARGETED_DEVICE_FAMILY = "1,2";
			};
			name = Release;
		};
/* End XCBuildConfiguration section */

/* Begin XCConfigurationList section */
		EE61E3592C38F093009DD3D5 /* Build configuration list for PBXProject "LeftoverChefApp" */ = {
			isa = XCConfigurationList;
			buildConfigurations = (
				EE61E36A2C38F094009DD3D5 /* Debug */,
				EE61E36B2C38F094009DD3D5 /* Release */,
			);
			defaultConfigurationIsVisible = 0;
			defaultConfigurationName = Release;
		};
		EE61E36C2C38F094009DD3D5 /* Build configuration list for PBXNativeTarget "LeftoverChefApp" */ = {
			isa = XCConfigurationList;
			buildConfigurations = (
				EE61E36D2C38F094009DD3D5 /* Debug */,
				EE61E36E2C38F094009DD3D5 /* Release */,
			);
			defaultConfigurationIsVisible = 0;
			defaultConfigurationName = Release;
		};
/* End XCConfigurationList section */
	};
	rootObject = EE61E3562C38F093009DD3D5 /* Project object */;
}
